
Microsoft Visual Studio Solution File, Format Version 12.00
# Visual Studio Version 16
VisualStudioVersion = 16.0.30907.101
MinimumVisualStudioVersion = 10.0.40219.1
Project("{9A19103F-16F7-4668-BE54-9A1E7A4F7556}") = "MyDictionary", "H4_HW5\MyDictionary.csproj", "{C7F4214F-BAFD-44EF-8A54-AC1289989148}"
EndProject
Global
	GlobalSection(SolutionConfigurationPlatforms) = preSolution
		Debug|Any CPU = Debug|Any CPU
		Release|Any CPU = Release|Any CPU
	EndGlobalSection
	GlobalSection(ProjectConfigurationPlatforms) = postSolution
		{C7F4214F-BAFD-44EF-8A54-AC1289989148}.Debug|Any CPU.ActiveCfg = Debug|Any CPU
		{C7F4214F-BAFD-44EF-8A54-AC1289989148}.Debug|Any CPU.Build.0 = Debug|Any CPU
		{C7F4214F-BAFD-44EF-8A54-AC1289989148}.Release|Any CPU.ActiveCfg = Release|Any CPU
		{C7F4214F-BAFD-44EF-8A54-AC1289989148}.Release|Any CPU.Build.0 = Release|Any CPU
	EndGlobalSection
	GlobalSection(SolutionProperties) = preSolution
		HideSolutionNode = FALSE
	EndGlobalSection
	GlobalSection(ExtensibilityGlobals) = postSolution
		SolutionGuid = {B13AAE4B-D959-49C1-8717-6825795AC177}
	EndGlobalSection
EndGlobal
